// !$*UTF8*$!
{
	archiveVersion = 1;
	classes = {
	};
	objectVersion = 46;
	objects = {

/* Begin PBXBuildFile section */
		48F9492C1D2664680063D8A2 /* main.m in Sources */ = {isa = PBXBuildFile; fileRef = 48F9492B1D2664680063D8A2 /* main.m */; };
		48F9492F1D2664680063D8A2 /* AppDelegate.m in Sources */ = {isa = PBXBuildFile; fileRef = 48F9492E1D2664680063D8A2 /* AppDelegate.m */; };
		48F949321D2664680063D8A2 /* ViewController.m in Sources */ = {isa = PBXBuildFile; fileRef = 48F949311D2664680063D8A2 /* ViewController.m */; };
		48F949351D2664680063D8A2 /* Main.storyboard in Resources */ = {isa = PBXBuildFile; fileRef = 48F949331D2664680063D8A2 /* Main.storyboard */; };
		48F949371D2664680063D8A2 /* Assets.xcassets in Resources */ = {isa = PBXBuildFile; fileRef = 48F949361D2664680063D8A2 /* Assets.xcassets */; };
		48F9493A1D2664680063D8A2 /* LaunchScreen.storyboard in Resources */ = {isa = PBXBuildFile; fileRef = 48F949381D2664680063D8A2 /* LaunchScreen.storyboard */; };
		48F9494B1D2665E30063D8A2 /* Sark.swift in Sources */ = {isa = PBXBuildFile; fileRef = 48F9494A1D2665E30063D8A2 /* Sark.swift */; };
		48F9494D1D2666500063D8A2 /* TestSark.swift in Sources */ = {isa = PBXBuildFile; fileRef = 48F9494C1D2666500063D8A2 /* TestSark.swift */; };
/* End PBXBuildFile section */

/* Begin PBXFileReference section */
		48F949271D2664680063D8A2 /* PatchSwiftDemo.app */ = {isa = PBXFileReference; explicitFileType = wrapper.application; includeInIndex = 0; path = PatchSwiftDemo.app; sourceTree = BUILT_PRODUCTS_DIR; };
		48F9492B1D2664680063D8A2 /* main.m */ = {isa = PBXFileReference; lastKnownFileType = sourcecode.c.objc; path = main.m; sourceTree = "<group>"; };
		48F9492D1D2664680063D8A2 /* AppDelegate.h */ = {isa = PBXFileReference; lastKnownFileType = sourcecode.c.h; path = AppDelegate.h; sourceTree = "<group>"; };
		48F9492E1D2664680063D8A2 /* AppDelegate.m */ = {isa = PBXFileReference; lastKnownFileType = sourcecode.c.objc; path = AppDelegate.m; sourceTree = "<group>"; };
		48F949301D2664680063D8A2 /* ViewController.h */ = {isa = PBXFileReference; lastKnownFileType = sourcecode.c.h; path = ViewController.h; sourceTree = "<group>"; };
		48F949311D2664680063D8A2 /* ViewController.m */ = {isa = PBXFileReference; lastKnownFileType = sourcecode.c.objc; path = ViewController.m; sourceTree = "<group>"; };
		48F949341D2664680063D8A2 /* Base */ = {isa = PBXFileReference; lastKnownFileType = file.storyboard; name = Base; path = Base.lproj/Main.storyboard; sourceTree = "<group>"; };
		48F949361D2664680063D8A2 /* Assets.xcassets */ = {isa = PBXFileReference; lastKnownFileType = folder.assetcatalog; path = Assets.xcassets; sourceTree = "<group>"; };
		48F949391D2664680063D8A2 /* Base */ = {isa = PBXFileReference; lastKnownFileType = file.storyboard; name = Base; path = Base.lproj/LaunchScreen.storyboard; sourceTree = "<group>"; };
		48F9493B1D2664680063D8A2 /* Info.plist */ = {isa = PBXFileReference; lastKnownFileType = text.plist.xml; path = Info.plist; sourceTree = "<group>"; };
		48F949411D2664890063D8A2 /* PatchSwiftDemo-Bridging-Header.h */ = {isa = PBXFileReference; lastKnownFileType = sourcecode.c.h; path = "PatchSwiftDemo-Bridging-Header.h"; sourceTree = "<group>"; };
		48F9494A1D2665E30063D8A2 /* Sark.swift */ = {isa = PBXFileReference; fileEncoding = 4; lastKnownFileType = sourcecode.swift; path = Sark.swift; sourceTree = "<group>"; };
		48F9494C1D2666500063D8A2 /* TestSark.swift */ = {isa = PBXFileReference; fileEncoding = 4; lastKnownFileType = sourcecode.swift; path = TestSark.swift; sourceTree = "<group>"; };
/* End PBXFileReference section */

/* Begin PBXFrameworksBuildPhase section */
		48F949241D2664680063D8A2 /* Frameworks */ = {
			isa = PBXFrameworksBuildPhase;
			buildActionMask = 2147483647;
			files = (
			);
			runOnlyForDeploymentPostprocessing = 0;
		};
/* End PBXFrameworksBuildPhase section */

/* Begin PBXGroup section */
		48F9491E1D2664680063D8A2 = {
			isa = PBXGroup;
			children = (
				48F949291D2664680063D8A2 /* PatchSwiftDemo */,
				48F949281D2664680063D8A2 /* Products */,
			);
			sourceTree = "<group>";
		};
		48F949281D2664680063D8A2 /* Products */ = {
			isa = PBXGroup;
			children = (
				48F949271D2664680063D8A2 /* PatchSwiftDemo.app */,
			);
			name = Products;
			sourceTree = "<group>";
		};
		48F949291D2664680063D8A2 /* PatchSwiftDemo */ = {
			isa = PBXGroup;
			children = (
				48F9494A1D2665E30063D8A2 /* Sark.swift */,
				48F9494C1D2666500063D8A2 /* TestSark.swift */,
				48F9492B1D2664680063D8A2 /* main.m */,
				48F949441D2664EE0063D8A2 /* Useless */,
				48F9492A1D2664680063D8A2 /* Supporting Files */,
				48F949411D2664890063D8A2 /* PatchSwiftDemo-Bridging-Header.h */,
			);
			path = PatchSwiftDemo;
			sourceTree = "<group>";
		};
		48F9492A1D2664680063D8A2 /* Supporting Files */ = {
			isa = PBXGroup;
			children = (
			);
			name = "Supporting Files";
			sourceTree = "<group>";
		};
		48F949441D2664EE0063D8A2 /* Useless */ = {
			isa = PBXGroup;
			children = (
				48F949331D2664680063D8A2 /* Main.storyboard */,
				48F949361D2664680063D8A2 /* Assets.xcassets */,
				48F949381D2664680063D8A2 /* LaunchScreen.storyboard */,
				48F9493B1D2664680063D8A2 /* Info.plist */,
				48F9492D1D2664680063D8A2 /* AppDelegate.h */,
				48F9492E1D2664680063D8A2 /* AppDelegate.m */,
				48F949301D2664680063D8A2 /* ViewController.h */,
				48F949311D2664680063D8A2 /* ViewController.m */,
			);
			name = Useless;
			sourceTree = "<group>";
		};
/* End PBXGroup section */

/* Begin PBXNativeTarget section */
		48F949261D2664680063D8A2 /* PatchSwiftDemo */ = {
			isa = PBXNativeTarget;
			buildConfigurationList = 48F9493E1D2664680063D8A2 /* Build configuration list for PBXNativeTarget "PatchSwiftDemo" */;
			buildPhases = (
				48F949231D2664680063D8A2 /* Sources */,
				48F949241D2664680063D8A2 /* Frameworks */,
				48F949251D2664680063D8A2 /* Resources */,
			);
			buildRules = (
			);
			dependencies = (
			);
			name = PatchSwiftDemo;
			productName = PatchSwiftDemo;
			productReference = 48F949271D2664680063D8A2 /* PatchSwiftDemo.app */;
			productType = "com.apple.product-type.application";
		};
/* End PBXNativeTarget section */

/* Begin PBXProject section */
		48F9491F1D2664680063D8A2 /* Project object */ = {
			isa = PBXProject;
			attributes = {
				LastUpgradeCheck = 0730;
				ORGANIZATIONNAME = sunnyxx;
				TargetAttributes = {
					48F949261D2664680063D8A2 = {
						CreatedOnToolsVersion = 7.3.1;
					};
				};
			};
			buildConfigurationList = 48F949221D2664680063D8A2 /* Build configuration list for PBXProject "PatchSwiftDemo" */;
			compatibilityVersion = "Xcode 3.2";
			developmentRegion = English;
			hasScannedForEncodings = 0;
			knownRegions = (
				en,
				Base,
			);
			mainGroup = 48F9491E1D2664680063D8A2;
			productRefGroup = 48F949281D2664680063D8A2 /* Products */;
			projectDirPath = "";
			projectRoot = "";
			targets = (
				48F949261D2664680063D8A2 /* PatchSwiftDemo */,
			);
		};
/* End PBXProject section */

/* Begin PBXResourcesBuildPhase section */
		48F949251D2664680063D8A2 /* Resources */ = {
			isa = PBXResourcesBuildPhase;
			buildActionMask = 2147483647;
			files = (
				48F9493A1D2664680063D8A2 /* LaunchScreen.storyboard in Resources */,
				48F949371D2664680063D8A2 /* Assets.xcassets in Resources */,
				48F949351D2664680063D8A2 /* Main.storyboard in Resources */,
			);
			runOnlyForDeploymentPostprocessing = 0;
		};
/* End PBXResourcesBuildPhase section */

/* Begin PBXSourcesBuildPhase section */
		48F949231D2664680063D8A2 /* Sources */ = {
			isa = PBXSourcesBuildPhase;
			buildActionMask = 2147483647;
			files = (
				48F9494D1D2666500063D8A2 /* TestSark.swift in Sources */,
				48F949321D2664680063D8A2 /* ViewController.m in Sources */,
				48F9492F1D2664680063D8A2 /* AppDelegate.m in Sources */,
				48F9494B1D2665E30063D8A2 /* Sark.swift in Sources */,
				48F9492C1D2664680063D8A2 /* main.m in Sources */,
			);
			runOnlyForDeploymentPostprocessing = 0;
		};
/* End PBXSourcesBuildPhase section */

/* Begin PBXVariantGroup section */
		48F949331D2664680063D8A2 /* Main.storyboard */ = {
			isa = PBXVariantGroup;
			children = (
				48F949341D2664680063D8A2 /* Base */,
			);
			name = Main.storyboard;
			sourceTree = "<group>";
		};
		48F949381D2664680063D8A2 /* LaunchScreen.storyboard */ = {
			isa = PBXVariantGroup;
			children = (
				48F949391D2664680063D8A2 /* Base */,
			);
			name = LaunchScreen.storyboard;
			sourceTree = "<group>";
		};
/* End PBXVariantGroup section */

/* Begin XCBuildConfiguration section */
		48F9493C1D2664680063D8A2 /* Debug */ = {
			isa = XCBuildConfiguration;
			buildSettings = {
				ALWAYS_SEARCH_USER_PATHS = NO;
				CLANG_ANALYZER_NONNULL = YES;
				CLANG_CXX_LANGUAGE_STANDARD = "gnu++0x";
				CLANG_CXX_LIBRARY = "libc++";
				CLANG_ENABLE_MODULES = YES;
				CLANG_ENABLE_OBJC_ARC = YES;
				CLANG_WARN_BOOL_CONVERSION = YES;
				CLANG_WARN_CONSTANT_CONVERSION = YES;
				CLANG_WARN_DIRECT_OBJC_ISA_USAGE = YES_ERROR;
				CLANG_WARN_EMPTY_BODY = YES;
				CLANG_WARN_ENUM_CONVERSION = YES;
				CLANG_WARN_INT_CONVERSION = YES;
				CLANG_WARN_OBJC_ROOT_CLASS = YES_ERROR;
				CLANG_WARN_UNREACHABLE_CODE = YES;
				CLANG_WARN__DUPLICATE_METHOD_MATCH = YES;
				"CODE_SIGN_IDENTITY[sdk=iphoneos*]" = "iPhone Developer";
				COPY_PHASE_STRIP = NO;
				DEBUG_INFORMATION_FORMAT = dwarf;
				ENABLE_STRICT_OBJC_MSGSEND = YES;
				ENABLE_TESTABILITY = YES;
				GCC_C_LANGUAGE_STANDARD = gnu99;
				GCC_DYNAMIC_NO_PIC = NO;
				GCC_NO_COMMON_BLOCKS = YES;
				GCC_OPTIMIZATION_LEVEL = 0;
				GCC_PREPROCESSOR_DEFINITIONS = (
					"DEBUG=1",
					"$(inherited)",
				);
				GCC_WARN_64_TO_32_BIT_CONVERSION = YES;
				GCC_WARN_ABOUT_RETURN_TYPE = YES_ERROR;
				GCC_WARN_UNDECLARED_SELECTOR = YES;
				GCC_WARN_UNINITIALIZED_AUTOS = YES_AGGRESSIVE;
				GCC_WARN_UNUSED_FUNCTION = YES;
				GCC_WARN_UNUSED_VARIABLE = YES;
				IPHONEOS_DEPLOYMENT_TARGET = 9.3;
				MTL_ENABLE_DEBUG_INFO = YES;
				ONLY_ACTIVE_ARCH = YES;
				SDKROOT = iphoneos;
				TARGETED_DEVICE_FAMILY = "1,2";
			};
			name = Debug;
		};
		48F9493D1D2664680063D8A2 /* Release */ = {
			isa = XCBuildConfiguration;
			buildSettings = {
				ALWAYS_SEARCH_USER_PATHS = NO;
				CLANG_ANALYZER_NONNULL = YES;
				CLANG_CXX_LANGUAGE_STANDARD = "gnu++0x";
				CLANG_CXX_LIBRARY = "libc++";
				CLANG_ENABLE_MODULES = YES;
				CLANG_ENABLE_OBJC_ARC = YES;
				CLANG_WARN_BOOL_CONVERSION = YES;
				CLANG_WARN_CONSTANT_CONVERSION = YES;
				CLANG_WARN_DIRECT_OBJC_ISA_USAGE = YES_ERROR;
				CLANG_WARN_EMPTY_BODY = YES;
				CLANG_WARN_ENUM_CONVERSION = YES;
				CLANG_WARN_INT_CONVERSION = YES;
				CLANG_WARN_OBJC_ROOT_CLASS = YES_ERROR;
				CLANG_WARN_UNREACHABLE_CODE = YES;
				CLANG_WARN__DUPLICATE_METHOD_MATCH = YES;
				"CODE_SIGN_IDENTITY[sdk=iphoneos*]" = "iPhone Developer";
				COPY_PHASE_STRIP = NO;
				DEBUG_INFORMATION_FORMAT = "dwarf-with-dsym";
				ENABLE_NS_ASSERTIONS = NO;
				ENABLE_STRICT_OBJC_MSGSEND = YES;
				GCC_C_LANGUAGE_STANDARD = gnu99;
				GCC_NO_COMMON_BLOCKS = YES;
				GCC_WARN_64_TO_32_BIT_CONVERSION = YES;
				GCC_WARN_ABOUT_RETURN_TYPE = YES_ERROR;
				GCC_WARN_UNDECLARED_SELECTOR = YES;
				GCC_WARN_UNINITIALIZED_AUTOS = YES_AGGRESSIVE;
				GCC_WARN_UNUSED_FUNCTION = YES;
				GCC_WARN_UNUSED_VARIABLE = YES;
				IPHONEOS_DEPLOYMENT_TARGET = 9.3;
				MTL_ENABLE_DEBUG_INFO = NO;
				SDKROOT = iphoneos;
				TARGETED_DEVICE_FAMILY = "1,2";
				VALIDATE_PRODUCT = YES;
			};
			name = Release;
		};
		48F9493F1D2664680063D8A2 /* Debug */ = {
			isa = XCBuildConfiguration;
			buildSettings = {
				ASSETCATALOG_COMPILER_APPICON_NAME = AppIcon;
				CLANG_ENABLE_MODULES = YES;
				INFOPLIST_FILE = PatchSwiftDemo/Info.plist;
				LD_RUNPATH_SEARCH_PATHS = "$(inherited) @executable_path/Frameworks";
				LIBRARY_SEARCH_PATHS = (
					"$(inherited)",
					"$(PROJECT_DIR)/PatchSwiftDemo/libffi",
				);
				PRODUCT_BUNDLE_IDENTIFIER = sunnyxx.PatchSwiftDemo;
				PRODUCT_NAME = "$(TARGET_NAME)";
				SWIFT_OBJC_BRIDGING_HEADER = "PatchSwiftDemo/PatchSwiftDemo-Bridging-Header.h";
				SWIFT_OPTIMIZATION_LEVEL = "-Onone";
			};
			name = Debug;
		};
		48F949401D2664680063D8A2 /* Release */ = {
			isa = XCBuildConfiguration;
			buildSettings = {
				ASSETCATALOG_COMPILER_APPICON_NAME = AppIcon;
				CLANG_ENABLE_MODULES = YES;
				INFOPLIST_FILE = PatchSwiftDemo/Info.plist;
				LD_RUNPATH_SEARCH_PATHS = "$(inherited) @executable_path/Frameworks";
				LIBRARY_SEARCH_PATHS = (
					"$(inherited)",
					"$(PROJECT_DIR)/PatchSwiftDemo/libffi",
				);
				PRODUCT_BUNDLE_IDENTIFIER = sunnyxx.PatchSwiftDemo;
				PRODUCT_NAME = "$(TARGET_NAME)";
				SWIFT_OBJC_BRIDGING_HEADER = "PatchSwiftDemo/PatchSwiftDemo-Bridging-Header.h";
			};
			name = Release;
		};
/* End XCBuildConfiguration section */

/* Begin XCConfigurationList section */
		48F949221D2664680063D8A2 /* Build configuration list for PBXProject "PatchSwiftDemo" */ = {
			isa = XCConfigurationList;
			buildConfigurations = (
				48F9493C1D2664680063D8A2 /* Debug */,
				48F9493D1D2664680063D8A2 /* Release */,
			);
			defaultConfigurationIsVisible = 0;
			defaultConfigurationName = Release;
		};
		48F9493E1D2664680063D8A2 /* Build configuration list for PBXNativeTarget "PatchSwiftDemo" */ = {
			isa = XCConfigurationList;
			buildConfigurations = (
				48F9493F1D2664680063D8A2 /* Debug */,
				48F949401D2664680063D8A2 /* Release */,
			);
			defaultConfigurationIsVisible = 0;
		};
/* End XCConfigurationList section */
	};
	rootObject = 48F9491F1D2664680063D8A2 /* Project object */;
}
